
Microsoft Visual Studio Solution File, Format Version 12.00
Project("{FAE04EC0-301F-11D3-BF4B-00C04F79EFBC}") = "VideoPlayer.App", "VideoPlayer.App\VideoPlayer.App.csproj", "{43C378B3-859A-4D4C-B0C2-09D28A80DBC7}"
EndProject
Global
	GlobalSection(SolutionConfigurationPlatforms) = preSolution
		Debug|Any CPU = Debug|Any CPU
		Release|Any CPU = Release|Any CPU
	EndGlobalSection
	GlobalSection(ProjectConfigurationPlatforms) = postSolution
		{43C378B3-859A-4D4C-B0C2-09D28A80DBC7}.Debug|Any CPU.ActiveCfg = Debug|Any CPU
		{43C378B3-859A-4D4C-B0C2-09D28A80DBC7}.Debug|Any CPU.Build.0 = Debug|Any CPU
		{43C378B3-859A-4D4C-B0C2-09D28A80DBC7}.Release|Any CPU.ActiveCfg = Release|Any CPU
		{43C378B3-859A-4D4C-B0C2-09D28A80DBC7}.Release|Any CPU.Build.0 = Release|Any CPU
	EndGlobalSection
EndGlobal
